
Microsoft Visual Studio Solution File, Format Version 12.00
# Visual Studio Version 17
VisualStudioVersion = 17.2.32630.192
MinimumVisualStudioVersion = 10.0.40219.1
Project("{2150E333-8FDC-42A3-9474-1A3956D46DE8}") = "src", "src", "{97940009-9D8E-40C9-A19E-151335461B5A}"
EndProject
Project("{2150E333-8FDC-42A3-9474-1A3956D46DE8}") = "tests", "tests", "{DB4C7894-93D6-4C5F-947C-82952CAB0B18}"
EndProject
Project("{9A19103F-16F7-4668-BE54-9A1E7A4F7556}") = "Bfl.Netflix_Tv", "Bfl.Netflix_Tv\Bfl.Netflix_Tv.csproj", "{D9AA83E0-27C1-4721-B22F-4976C0547355}"
EndProject
Project("{9A19103F-16F7-4668-BE54-9A1E7A4F7556}") = "Bfl.Netflix_Tv.Core", "Bfl.Netflix_Tv.Core\Bfl.Netflix_Tv.Core.csproj", "{7B6D43E6-DFFE-40FB-AE8C-47721FA94815}"
EndProject
Project("{9A19103F-16F7-4668-BE54-9A1E7A4F7556}") = "Bfl.Netflix_Tv.Infrastructure", "Bfl.Netflix_Tv.Infrastructure\Bfl.Netflix_Tv.Infrastructure.csproj", "{E38D2B7F-6A7F-4E69-80DF-37E2D8FC1945}"
EndProject
Project("{9A19103F-16F7-4668-BE54-9A1E7A4F7556}") = "Bfl.Netflix_Movies", "Bfl.Netflix_Movies\Bfl.Netflix_Movies.csproj", "{DEDA7525-2580-4DD6-A560-4F331292A62A}"
EndProject
Project("{9A19103F-16F7-4668-BE54-9A1E7A4F7556}") = "Bfl.Netflix_Movies.Infrastructure", "Bfl.Netflix_Movies.Infrastructure\Bfl.Netflix_Movies.Infrastructure.csproj", "{4806C951-57BD-4858-9D6F-EBAE1516E63E}"
EndProject
Project("{2150E333-8FDC-42A3-9474-1A3956D46DE8}") = "MoviesService", "MoviesService", "{86631EA2-D514-4802-86BE-F580AA00C0FC}"
EndProject
Project("{2150E333-8FDC-42A3-9474-1A3956D46DE8}") = "TvService", "TvService", "{8ACF52E0-6A55-4403-B39D-C53CE9FE38F6}"
EndProject
Project("{9A19103F-16F7-4668-BE54-9A1E7A4F7556}") = "Configurations", "Configurations\Configurations.csproj", "{07272BEB-5C54-4139-A6B0-AC3AFA0FE0FE}"
EndProject
Project("{9A19103F-16F7-4668-BE54-9A1E7A4F7556}") = "Bfl.Netflix_Movies.Core.Tests", "Bfl.Netflix_Movies.Core.Tests\Bfl.Netflix_Movies.Core.Tests.csproj", "{8B70F005-F399-4292-A823-32566009B422}"
EndProject
Project("{9A19103F-16F7-4668-BE54-9A1E7A4F7556}") = "Bfl.Netflix_Movies.Core", "Bfl.Netflix_Movies.Core\Bfl.Netflix_Movies.Core.csproj", "{A0511571-3270-4CCC-854E-76B031700596}"
EndProject
Global
	GlobalSection(SolutionConfigurationPlatforms) = preSolution
		Debug|Any CPU = Debug|Any CPU
		Release|Any CPU = Release|Any CPU
	EndGlobalSection
	GlobalSection(ProjectConfigurationPlatforms) = postSolution
		{D9AA83E0-27C1-4721-B22F-4976C0547355}.Debug|Any CPU.ActiveCfg = Debug|Any CPU
		{D9AA83E0-27C1-4721-B22F-4976C0547355}.Debug|Any CPU.Build.0 = Debug|Any CPU
		{D9AA83E0-27C1-4721-B22F-4976C0547355}.Release|Any CPU.ActiveCfg = Release|Any CPU
		{D9AA83E0-27C1-4721-B22F-4976C0547355}.Release|Any CPU.Build.0 = Release|Any CPU
		{7B6D43E6-DFFE-40FB-AE8C-47721FA94815}.Debug|Any CPU.ActiveCfg = Debug|Any CPU
		{7B6D43E6-DFFE-40FB-AE8C-47721FA94815}.Debug|Any CPU.Build.0 = Debug|Any CPU
		{7B6D43E6-DFFE-40FB-AE8C-47721FA94815}.Release|Any CPU.ActiveCfg = Release|Any CPU
		{7B6D43E6-DFFE-40FB-AE8C-47721FA94815}.Release|Any CPU.Build.0 = Release|Any CPU
		{E38D2B7F-6A7F-4E69-80DF-37E2D8FC1945}.Debug|Any CPU.ActiveCfg = Debug|Any CPU
		{E38D2B7F-6A7F-4E69-80DF-37E2D8FC1945}.Debug|Any CPU.Build.0 = Debug|Any CPU
		{E38D2B7F-6A7F-4E69-80DF-37E2D8FC1945}.Release|Any CPU.ActiveCfg = Release|Any CPU
		{E38D2B7F-6A7F-4E69-80DF-37E2D8FC1945}.Release|Any CPU.Build.0 = Release|Any CPU
		{DEDA7525-2580-4DD6-A560-4F331292A62A}.Debug|Any CPU.ActiveCfg = Debug|Any CPU
		{DEDA7525-2580-4DD6-A560-4F331292A62A}.Debug|Any CPU.Build.0 = Debug|Any CPU
		{DEDA7525-2580-4DD6-A560-4F331292A62A}.Release|Any CPU.ActiveCfg = Release|Any CPU
		{DEDA7525-2580-4DD6-A560-4F331292A62A}.Release|Any CPU.Build.0 = Release|Any CPU
		{4806C951-57BD-4858-9D6F-EBAE1516E63E}.Debug|Any CPU.ActiveCfg = Debug|Any CPU
		{4806C951-57BD-4858-9D6F-EBAE1516E63E}.Debug|Any CPU.Build.0 = Debug|Any CPU
		{4806C951-57BD-4858-9D6F-EBAE1516E63E}.Release|Any CPU.ActiveCfg = Release|Any CPU
		{4806C951-57BD-4858-9D6F-EBAE1516E63E}.Release|Any CPU.Build.0 = Release|Any CPU
		{07272BEB-5C54-4139-A6B0-AC3AFA0FE0FE}.Debug|Any CPU.ActiveCfg = Debug|Any CPU
		{07272BEB-5C54-4139-A6B0-AC3AFA0FE0FE}.Debug|Any CPU.Build.0 = Debug|Any CPU
		{07272BEB-5C54-4139-A6B0-AC3AFA0FE0FE}.Release|Any CPU.ActiveCfg = Release|Any CPU
		{07272BEB-5C54-4139-A6B0-AC3AFA0FE0FE}.Release|Any CPU.Build.0 = Release|Any CPU
		{8B70F005-F399-4292-A823-32566009B422}.Debug|Any CPU.ActiveCfg = Debug|Any CPU
		{8B70F005-F399-4292-A823-32566009B422}.Debug|Any CPU.Build.0 = Debug|Any CPU
		{8B70F005-F399-4292-A823-32566009B422}.Release|Any CPU.ActiveCfg = Release|Any CPU
		{8B70F005-F399-4292-A823-32566009B422}.Release|Any CPU.Build.0 = Release|Any CPU
		{A0511571-3270-4CCC-854E-76B031700596}.Debug|Any CPU.ActiveCfg = Debug|Any CPU
		{A0511571-3270-4CCC-854E-76B031700596}.Debug|Any CPU.Build.0 = Debug|Any CPU
		{A0511571-3270-4CCC-854E-76B031700596}.Release|Any CPU.ActiveCfg = Release|Any CPU
		{A0511571-3270-4CCC-854E-76B031700596}.Release|Any CPU.Build.0 = Release|Any CPU
	EndGlobalSection
	GlobalSection(SolutionProperties) = preSolution
		HideSolutionNode = FALSE
	EndGlobalSection
	GlobalSection(NestedProjects) = preSolution
		{D9AA83E0-27C1-4721-B22F-4976C0547355} = {8ACF52E0-6A55-4403-B39D-C53CE9FE38F6}
		{7B6D43E6-DFFE-40FB-AE8C-47721FA94815} = {8ACF52E0-6A55-4403-B39D-C53CE9FE38F6}
		{E38D2B7F-6A7F-4E69-80DF-37E2D8FC1945} = {8ACF52E0-6A55-4403-B39D-C53CE9FE38F6}
		{DEDA7525-2580-4DD6-A560-4F331292A62A} = {86631EA2-D514-4802-86BE-F580AA00C0FC}
		{4806C951-57BD-4858-9D6F-EBAE1516E63E} = {86631EA2-D514-4802-86BE-F580AA00C0FC}
		{86631EA2-D514-4802-86BE-F580AA00C0FC} = {97940009-9D8E-40C9-A19E-151335461B5A}
		{8ACF52E0-6A55-4403-B39D-C53CE9FE38F6} = {97940009-9D8E-40C9-A19E-151335461B5A}
		{07272BEB-5C54-4139-A6B0-AC3AFA0FE0FE} = {97940009-9D8E-40C9-A19E-151335461B5A}
		{8B70F005-F399-4292-A823-32566009B422} = {DB4C7894-93D6-4C5F-947C-82952CAB0B18}
		{A0511571-3270-4CCC-854E-76B031700596} = {86631EA2-D514-4802-86BE-F580AA00C0FC}
	EndGlobalSection
	GlobalSection(ExtensibilityGlobals) = postSolution
		SolutionGuid = {8A24E3B7-22F7-4E26-856E-B2C4BA9B6665}
	EndGlobalSection
EndGlobal
